
Microsoft Visual Studio Solution File, Format Version 12.00
# Visual Studio Version 17
VisualStudioVersion = 17.3.32901.215
MinimumVisualStudioVersion = 10.0.40219.1
Project("{FAE04EC0-301F-11D3-BF4B-00C04F79EFBC}") = "MyBiz", "MyBiz.csproj", "{A41387AE-1F39-4A20-A875-C0F5E00DE740}"
EndProject
Global
	GlobalSection(SolutionConfigurationPlatforms) = preSolution
		Debug|Any CPU = Debug|Any CPU
		Release|Any CPU = Release|Any CPU
	EndGlobalSection
	GlobalSection(ProjectConfigurationPlatforms) = postSolution
		{A41387AE-1F39-4A20-A875-C0F5E00DE740}.Debug|Any CPU.ActiveCfg = Debug|Any CPU
		{A41387AE-1F39-4A20-A875-C0F5E00DE740}.Debug|Any CPU.Build.0 = Debug|Any CPU
		{A41387AE-1F39-4A20-A875-C0F5E00DE740}.Release|Any CPU.ActiveCfg = Release|Any CPU
		{A41387AE-1F39-4A20-A875-C0F5E00DE740}.Release|Any CPU.Build.0 = Release|Any CPU
	EndGlobalSection
	GlobalSection(SolutionProperties) = preSolution
		HideSolutionNode = FALSE
	EndGlobalSection
	GlobalSection(ExtensibilityGlobals) = postSolution
		SolutionGuid = {2247624A-E7DD-497D-B1C6-02D97316DBA4}
	EndGlobalSection
EndGlobal
